[root]
name = "potatowm"
version = "0.1.0"
dependencies = [
 "px 0.1.0",
]

[[package]]
name = "libc"
version = "0.2.29"
source = "registry+https://github.com/rust-lang/crates.io-index"

[[package]]
name = "log"
version = "0.3.8"
source = "registry+https://github.com/rust-lang/crates.io-index"

[[package]]
name = "px"
version = "0.1.0"
dependencies = [
 "xcb 0.8.0 (registry+https://github.com/rust-lang/crates.io-index)",
 "xcb-util 0.2.0 (registry+https://github.com/rust-lang/crates.io-index)",
]

[[package]]
name = "xcb"
version = "0.8.0"
source = "registry+https://github.com/rust-lang/crates.io-index"
dependencies = [
 "libc 0.2.29 (registry+https://github.com/rust-lang/crates.io-index)",
 "log 0.3.8 (registry+https://github.com/rust-lang/crates.io-index)",
]

[[package]]
name = "xcb-util"
version = "0.2.0"
source = "registry+https://github.com/rust-lang/crates.io-index"
dependencies = [
 "libc 0.2.29 (registry+https://github.com/rust-lang/crates.io-index)",
 "xcb 0.8.0 (registry+https://github.com/rust-lang/crates.io-index)",
]

[metadata]
"checksum libc 0.2.29 (registry+https://github.com/rust-lang/crates.io-index)" = "8a014d9226c2cc402676fbe9ea2e15dd5222cd1dd57f576b5b283178c944a264"
"checksum log 0.3.8 (registry+https://github.com/rust-lang/crates.io-index)" = "880f77541efa6e5cc74e76910c9884d9859683118839d6a1dc3b11e63512565b"
"checksum xcb 0.8.0 (registry+https://github.com/rust-lang/crates.io-index)" = "d8dd1956bb70f353f992a5fa78a9c6076be89081d24651eac3b283cacf3383d2"
"checksum xcb-util 0.2.0 (registry+https://github.com/rust-lang/crates.io-index)" = "5b6ee166167b2d8dbc758fb8fe06757c02e54517ee668831427253bc41e44c83"
